{
  "nodes": {
    "colors-src": {
      "flake": false,
      "locked": {
        "lastModified": 1703882648,
        "narHash": "sha256-q9hToi2MxTaY5gCbVyjlA9aVL3pzWrWGgk8HnCAwhfI=",
        "owner": "leostera",
        "repo": "colors",
        "rev": "9f61f9f233cbf4274b6497cabfda51a6cde0c0c6",
        "type": "github"
      },
      "original": {
        "owner": "leostera",
        "repo": "colors",
        "type": "github"
      }
    },
    "config-src": {
      "flake": false,
      "locked": {
        "lastModified": 1707315861,
        "narHash": "sha256-gtH9mN1/zkfNVpe4N9H3zn1AlKnFDYSiNR/WMDdOKMY=",
        "owner": "leostera",
        "repo": "config.ml",
        "rev": "65cbaacc340be3935a981bc38a33ca14371c7a14",
        "type": "github"
      },
      "original": {
        "owner": "leostera",
        "repo": "config.ml",
        "type": "github"
      }
    },
    "flake-utils": {
      "inputs": {
        "systems": "systems"
      },
      "locked": {
        "lastModified": 1705309234,
        "narHash": "sha256-uNRRNRKmJyCRC/8y1RqBkqWBLM034y4qN7EprSdmgyA=",
        "owner": "numtide",
        "repo": "flake-utils",
        "rev": "1ef2e671c3b0c19053962c07dbda38332dcebf26",
        "type": "github"
      },
      "original": {
        "owner": "numtide",
        "repo": "flake-utils",
        "type": "github"
      }
    },
    "flake-utils_2": {
      "inputs": {
        "systems": "systems_2"
      },
      "locked": {
        "lastModified": 1705309234,
        "narHash": "sha256-uNRRNRKmJyCRC/8y1RqBkqWBLM034y4qN7EprSdmgyA=",
        "owner": "numtide",
        "repo": "flake-utils",
        "rev": "1ef2e671c3b0c19053962c07dbda38332dcebf26",
        "type": "github"
      },
      "original": {
        "owner": "numtide",
        "repo": "flake-utils",
        "type": "github"
      }
    },
    "libcml-src": {
      "flake": false,
      "locked": {
        "lastModified": 1707988630,
        "narHash": "sha256-etwgrOZGyBbc4UBX9Acs/LOa944DsrwdTyjCWEiNrg8=",
        "owner": "leostera",
        "repo": "libc.ml",
        "rev": "03c72cb8048469a26ad9cd55293d7b61581c36e5",
        "type": "github"
      },
      "original": {
        "owner": "leostera",
        "repo": "libc.ml",
        "type": "github"
      }
    },
    "minttea-src": {
      "flake": false,
      "locked": {
        "lastModified": 1708109303,
        "narHash": "sha256-nrvyLDKiF/Sy4zUf+y/n2wWXJVmj6JQmuSWPc+MBU7s=",
        "owner": "leostera",
        "repo": "minttea",
        "rev": "fca6652761605d5f42f5ab575ba674359d3dc51d",
        "type": "github"
      },
      "original": {
        "owner": "leostera",
        "repo": "minttea",
        "type": "github"
      }
    },
    "nixpkgs": {
      "inputs": {
        "flake-utils": "flake-utils_2",
        "nixpkgs": "nixpkgs_2"
      },
      "locked": {
        "lastModified": 1708466355,
        "narHash": "sha256-f47yMiL0sOYxyMhJ+PORoY2kP1CWX+GDr+3C9ZedrfA=",
        "owner": "nix-ocaml",
        "repo": "nix-overlays",
        "rev": "6880feb31c17e787525f5b3297e9b78a9f914f40",
        "type": "github"
      },
      "original": {
        "owner": "nix-ocaml",
        "repo": "nix-overlays",
        "type": "github"
      }
    },
    "nixpkgs_2": {
      "locked": {
        "lastModified": 1708405701,
        "narHash": "sha256-E78TXiZiR9irWdYAVltRxZPJ+pMxXPU5PjHwqq6XLtI=",
        "owner": "NixOS",
        "repo": "nixpkgs",
        "rev": "fa15b53dbea5028db38d6e09b4cef6eba42aeebb",
        "type": "github"
      },
      "original": {
        "owner": "NixOS",
        "repo": "nixpkgs",
        "rev": "fa15b53dbea5028db38d6e09b4cef6eba42aeebb",
        "type": "github"
      }
    },
    "riot-src": {
      "flake": false,
      "locked": {
        "lastModified": 1708435632,
        "narHash": "sha256-gZtr4ILtuPdkbCXPqWvsS5KaUEGXFyXwmM8HIXODNZE=",
        "owner": "leostera",
        "repo": "riot",
        "rev": "622c6d67b964a3110a1166fce294f0c6eceeb93a",
        "type": "github"
      },
      "original": {
        "owner": "leostera",
        "repo": "riot",
        "type": "github"
      }
    },
    "root": {
      "inputs": {
        "colors-src": "colors-src",
        "config-src": "config-src",
        "flake-utils": "flake-utils",
        "libcml-src": "libcml-src",
        "minttea-src": "minttea-src",
        "nixpkgs": "nixpkgs",
        "riot-src": "riot-src",
        "telemetry-src": "telemetry-src",
        "tty-src": "tty-src"
      }
    },
    "systems": {
      "locked": {
        "lastModified": 1681028828,
        "narHash": "sha256-Vy1rq5AaRuLzOxct8nz4T6wlgyUR7zLU309k9mBC768=",
        "owner": "nix-systems",
        "repo": "default",
        "rev": "da67096a3b9bf56a91d16901293e51ba5b49a27e",
        "type": "github"
      },
      "original": {
        "owner": "nix-systems",
        "repo": "default",
        "type": "github"
      }
    },
    "systems_2": {
      "locked": {
        "lastModified": 1681028828,
        "narHash": "sha256-Vy1rq5AaRuLzOxct8nz4T6wlgyUR7zLU309k9mBC768=",
        "owner": "nix-systems",
        "repo": "default",
        "rev": "da67096a3b9bf56a91d16901293e51ba5b49a27e",
        "type": "github"
      },
      "original": {
        "owner": "nix-systems",
        "repo": "default",
        "type": "github"
      }
    },
    "telemetry-src": {
      "flake": false,
      "locked": {
        "lastModified": 1700090521,
        "narHash": "sha256-GdH75UBP45yWCrqiVLU/LBPbdS8Jd+j3i2oniUW1Cfc=",
        "owner": "leostera",
        "repo": "telemetry",
        "rev": "406497e6ecd1d4be6ff2cb4127936ea75d24cf32",
        "type": "github"
      },
      "original": {
        "owner": "leostera",
        "repo": "telemetry",
        "type": "github"
      }
    },
    "tty-src": {
      "flake": false,
      "locked": {
        "lastModified": 1703882623,
        "narHash": "sha256-O5tFraAtrYwUVuWnwAc+0GT4noS+uMbAZLEFiSLpL+8=",
        "owner": "leostera",
        "repo": "tty",
        "rev": "a46c181eea1bcb981fbb154a5c6ead35fd75e78d",
        "type": "github"
      },
      "original": {
        "owner": "leostera",
        "repo": "tty",
        "type": "github"
      }
    }
  },
  "root": "root",
  "version": 7
}
